{
  "name": "example",
  "version": "1.0.0",
  "lockfileVersion": 3,
  "requires": true,
  "packages": {
    "": {
      "name": "example",
      "version": "1.0.0",
      "license": "ISC",
      "dependencies": {
        "lightserverjs": "^1.0.0"
      }
    },
    "node_modules/lightserverjs": {
      "version": "1.0.5",
      "resolved": "https://registry.npmjs.org/lightserverjs/-/lightserverjs-1.0.5.tgz",
      "integrity": "sha512-LFxLhFHikvIi11YsLVH0xgHsRkhQFOscM6fcA8zHCzSQ9smtOMqg4mJOggOEd68I7gRvDua7GRcKMg3bqyh5QA==",
      "engines": {
        "node": ">=14.0.0"
      }
    }
  }
}
