{
  "name": "example",
  "version": "1.0.0",
  "lockfileVersion": 3,
  "requires": true,
  "packages": {
    "": {
      "name": "example",
      "version": "1.0.0",
      "license": "ISC",
      "dependencies": {
        "lightserverjs": "^1.0.0"
      }
    },
    "node_modules/lightserverjs": {
      "version": "1.0.4",
      "resolved": "https://registry.npmjs.org/lightserverjs/-/lightserverjs-1.0.4.tgz",
      "integrity": "sha512-3zAG1IOP6vYUvD+Ao4HkA3LI6rFCXWTHfoazhoHbxxugbMJIW0NV/PoEhbIZZ4arbLo8jPioerLCJM45nuaOlQ==",
      "engines": {
        "node": ">=14.0.0"
      }
    }
  }
}
